
Microsoft Visual Studio Solution File, Format Version 12.00
# Visual Studio 15
VisualStudioVersion = 15.0.27703.2042
MinimumVisualStudioVersion = 10.0.40219.1
Project("{FAE04EC0-301F-11D3-BF4B-00C04F79EFBC}") = "AOCBot", "AOCBot\AOCBot.csproj", "{7FD732AD-3207-4D29-AD13-B761A7FA01D2}"
EndProject
Global
	GlobalSection(SolutionConfigurationPlatforms) = preSolution
		Debug|Any CPU = Debug|Any CPU
		Release|Any CPU = Release|Any CPU
	EndGlobalSection
	GlobalSection(ProjectConfigurationPlatforms) = postSolution
		{7FD732AD-3207-4D29-AD13-B761A7FA01D2}.Debug|Any CPU.ActiveCfg = Debug|Any CPU
		{7FD732AD-3207-4D29-AD13-B761A7FA01D2}.Debug|Any CPU.Build.0 = Debug|Any CPU
		{7FD732AD-3207-4D29-AD13-B761A7FA01D2}.Release|Any CPU.ActiveCfg = Release|Any CPU
		{7FD732AD-3207-4D29-AD13-B761A7FA01D2}.Release|Any CPU.Build.0 = Release|Any CPU
	EndGlobalSection
	GlobalSection(SolutionProperties) = preSolution
		HideSolutionNode = FALSE
	EndGlobalSection
	GlobalSection(ExtensibilityGlobals) = postSolution
		SolutionGuid = {E7178F0A-FD91-4A70-ACF0-C97BB9A7604F}
	EndGlobalSection
EndGlobal
